
Microsoft Visual Studio Solution File, Format Version 12.00
# Visual Studio 15
VisualStudioVersion = 15.0.27617.1
MinimumVisualStudioVersion = 10.0.40219.1
Project("{FAE04EC0-301F-11D3-BF4B-00C04F79EFBC}") = "Bootstrap.Blazor.Site", "Bootstrap.Blazor.Site\Bootstrap.Blazor.Site.csproj", "{95F9783B-4470-4489-A157-0B769A007DED}"
EndProject
Global
	GlobalSection(SolutionConfigurationPlatforms) = preSolution
		Debug|Any CPU = Debug|Any CPU
		Release|Any CPU = Release|Any CPU
	EndGlobalSection
	GlobalSection(ProjectConfigurationPlatforms) = postSolution
		{95F9783B-4470-4489-A157-0B769A007DED}.Debug|Any CPU.ActiveCfg = Debug|Any CPU
		{95F9783B-4470-4489-A157-0B769A007DED}.Debug|Any CPU.Build.0 = Debug|Any CPU
		{95F9783B-4470-4489-A157-0B769A007DED}.Release|Any CPU.ActiveCfg = Release|Any CPU
		{95F9783B-4470-4489-A157-0B769A007DED}.Release|Any CPU.Build.0 = Release|Any CPU
	EndGlobalSection
	GlobalSection(SolutionProperties) = preSolution
		HideSolutionNode = FALSE
	EndGlobalSection
	GlobalSection(ExtensibilityGlobals) = postSolution
		SolutionGuid = {F063E03A-FEBD-45A5-959A-252B8CF924AD}
	EndGlobalSection
EndGlobal
